
Microsoft Visual Studio Solution File, Format Version 12.00
# Visual Studio 15
VisualStudioVersion = 15.0.27703.2035
MinimumVisualStudioVersion = 10.0.40219.1
Project("{9A19103F-16F7-4668-BE54-9A1E7A4F7556}") = "MonitoringWeb", "MonitoringWeb\MonitoringWeb.csproj", "{C3E276C8-D136-4470-9341-1EE3705F9458}"
EndProject
Global
	GlobalSection(SolutionConfigurationPlatforms) = preSolution
		Debug|Any CPU = Debug|Any CPU
		Release|Any CPU = Release|Any CPU
	EndGlobalSection
	GlobalSection(ProjectConfigurationPlatforms) = postSolution
		{C3E276C8-D136-4470-9341-1EE3705F9458}.Debug|Any CPU.ActiveCfg = Debug|Any CPU
		{C3E276C8-D136-4470-9341-1EE3705F9458}.Debug|Any CPU.Build.0 = Debug|Any CPU
		{C3E276C8-D136-4470-9341-1EE3705F9458}.Release|Any CPU.ActiveCfg = Release|Any CPU
		{C3E276C8-D136-4470-9341-1EE3705F9458}.Release|Any CPU.Build.0 = Release|Any CPU
	EndGlobalSection
	GlobalSection(SolutionProperties) = preSolution
		HideSolutionNode = FALSE
	EndGlobalSection
	GlobalSection(ExtensibilityGlobals) = postSolution
		SolutionGuid = {CD00DB29-84FE-4D0B-9F9B-F5F5DB2B4FC0}
	EndGlobalSection
EndGlobal
